
Microsoft Visual Studio Solution File, Format Version 11.00
# Visual Studio 2010
Project("{FAE04EC0-301F-11D3-BF4B-00C04F79EFBC}") = "PPT", "..\..\Desktop\PPT_PROD\PPT.csproj", "{58029EC3-90EE-4795-A890-D59E16F865CE}"
EndProject
Global
	GlobalSection(SolutionConfigurationPlatforms) = preSolution
		Debug|Any CPU = Debug|Any CPU
		Release|Any CPU = Release|Any CPU
	EndGlobalSection
	GlobalSection(ProjectConfigurationPlatforms) = postSolution
		{58029EC3-90EE-4795-A890-D59E16F865CE}.Debug|Any CPU.ActiveCfg = Debug|Any CPU
		{58029EC3-90EE-4795-A890-D59E16F865CE}.Debug|Any CPU.Build.0 = Debug|Any CPU
		{58029EC3-90EE-4795-A890-D59E16F865CE}.Release|Any CPU.ActiveCfg = Release|Any CPU
		{58029EC3-90EE-4795-A890-D59E16F865CE}.Release|Any CPU.Build.0 = Release|Any CPU
	EndGlobalSection
	GlobalSection(SolutionProperties) = preSolution
		HideSolutionNode = FALSE
	EndGlobalSection
EndGlobal
